{
  "nodes": {
    "crane": {
      "locked": {
        "lastModified": 1767744144,
        "narHash": "sha256-9/9ntI0D+HbN4G0TrK3KmHbTvwgswz7p8IEJsWyef8Q=",
        "owner": "ipetkov",
        "repo": "crane",
        "rev": "2fb033290bf6b23f226d4c8b32f7f7a16b043d7e",
        "type": "github"
      },
      "original": {
        "owner": "ipetkov",
        "repo": "crane",
        "type": "github"
      }
    },
    "fenix": {
      "inputs": {
        "nixpkgs": [
          "tytanic",
          "nixpkgs"
        ],
        "rust-analyzer-src": "rust-analyzer-src"
      },
      "locked": {
        "lastModified": 1768027312,
        "narHash": "sha256-MW85tjeLZHPB1y0bQaBat/4vtDVaSot2nSWre2rj9nU=",
        "owner": "nix-community",
        "repo": "fenix",
        "rev": "334c4b4a8a2554b8dd19df8932d43345232f7f84",
        "type": "github"
      },
      "original": {
        "owner": "nix-community",
        "repo": "fenix",
        "type": "github"
      }
    },
    "flake-parts": {
      "inputs": {
        "nixpkgs-lib": "nixpkgs-lib"
      },
      "locked": {
        "lastModified": 1767609335,
        "narHash": "sha256-feveD98mQpptwrAEggBQKJTYbvwwglSbOv53uCfH9PY=",
        "owner": "hercules-ci",
        "repo": "flake-parts",
        "rev": "250481aafeb741edfe23d29195671c19b36b6dca",
        "type": "github"
      },
      "original": {
        "owner": "hercules-ci",
        "repo": "flake-parts",
        "type": "github"
      }
    },
    "flake-utils": {
      "inputs": {
        "systems": "systems"
      },
      "locked": {
        "lastModified": 1731533236,
        "narHash": "sha256-l0KFg5HjrsfsO/JpG+r7fRrqm12kzFHyUHqHCVpMMbI=",
        "owner": "numtide",
        "repo": "flake-utils",
        "rev": "11707dc2f618dd54ca8739b309ec4fc024de578b",
        "type": "github"
      },
      "original": {
        "owner": "numtide",
        "repo": "flake-utils",
        "type": "github"
      }
    },
    "flake-utils_2": {
      "inputs": {
        "systems": "systems_3"
      },
      "locked": {
        "lastModified": 1731533236,
        "narHash": "sha256-l0KFg5HjrsfsO/JpG+r7fRrqm12kzFHyUHqHCVpMMbI=",
        "owner": "numtide",
        "repo": "flake-utils",
        "rev": "11707dc2f618dd54ca8739b309ec4fc024de578b",
        "type": "github"
      },
      "original": {
        "owner": "numtide",
        "repo": "flake-utils",
        "type": "github"
      }
    },
    "nixpkgs": {
      "locked": {
        "lastModified": 1782948114,
        "narHash": "sha256-VGtEDss4T0hPTnlWiiaa29y/lXM9SxuSMVtzPYf3wS0=",
        "rev": "9e92285f211dad236540fd617d7e30e0b99bc0e1",
        "type": "tarball",
        "url": "https://releases.nixos.org/nixpkgs/nixpkgs-26.11pre1026211.9e92285f211d/nixexprs.tar.xz"
      },
      "original": {
        "id": "nixpkgs",
        "type": "indirect"
      }
    },
    "nixpkgs-lib": {
      "locked": {
        "lastModified": 1765674936,
        "narHash": "sha256-k00uTP4JNfmejrCLJOwdObYC9jHRrr/5M/a/8L2EIdo=",
        "owner": "nix-community",
        "repo": "nixpkgs.lib",
        "rev": "2075416fcb47225d9b68ac469a5c4801a9c4dd85",
        "type": "github"
      },
      "original": {
        "owner": "nix-community",
        "repo": "nixpkgs.lib",
        "type": "github"
      }
    },
    "root": {
      "inputs": {
        "flake-utils": "flake-utils",
        "nixpkgs": "nixpkgs",
        "rust-overlay": "rust-overlay",
        "tytanic": "tytanic",
        "vcube": "vcube"
      }
    },
    "rust-analyzer-src": {
      "flake": false,
      "locked": {
        "lastModified": 1767961401,
        "narHash": "sha256-7PZ/pXpRrd3JfgCSEuBeYW6nCm3UEZ1TLDztFbnjPgU=",
        "owner": "rust-lang",
        "repo": "rust-analyzer",
        "rev": "714d0476ae96352f09933e1d8d51e027be25e5c3",
        "type": "github"
      },
      "original": {
        "owner": "rust-lang",
        "ref": "nightly",
        "repo": "rust-analyzer",
        "type": "github"
      }
    },
    "rust-manifest": {
      "flake": false,
      "locked": {
        "narHash": "sha256-gOowX/J8r9U9Y3H0PNdAUI0W/e6BGX3tsWh/bA+SnpQ=",
        "type": "file",
        "url": "https://static.rust-lang.org/dist/channel-rust-1.95.toml"
      },
      "original": {
        "type": "file",
        "url": "https://static.rust-lang.org/dist/channel-rust-1.95.toml"
      }
    },
    "rust-overlay": {
      "inputs": {
        "nixpkgs": [
          "nixpkgs"
        ]
      },
      "locked": {
        "lastModified": 1783058364,
        "narHash": "sha256-felUcVUtcdI15evRNkVfLq3opwceShhbrJt6hDlZvrk=",
        "owner": "oxalica",
        "repo": "rust-overlay",
        "rev": "e7a078c7feb51f37955a832b22a96de5fccb1f7a",
        "type": "github"
      },
      "original": {
        "owner": "oxalica",
        "repo": "rust-overlay",
        "type": "github"
      }
    },
    "systems": {
      "locked": {
        "lastModified": 1681028828,
        "narHash": "sha256-Vy1rq5AaRuLzOxct8nz4T6wlgyUR7zLU309k9mBC768=",
        "owner": "nix-systems",
        "repo": "default",
        "rev": "da67096a3b9bf56a91d16901293e51ba5b49a27e",
        "type": "github"
      },
      "original": {
        "owner": "nix-systems",
        "repo": "default",
        "type": "github"
      }
    },
    "systems_2": {
      "locked": {
        "lastModified": 1681028828,
        "narHash": "sha256-Vy1rq5AaRuLzOxct8nz4T6wlgyUR7zLU309k9mBC768=",
        "owner": "nix-systems",
        "repo": "default",
        "rev": "da67096a3b9bf56a91d16901293e51ba5b49a27e",
        "type": "github"
      },
      "original": {
        "owner": "nix-systems",
        "repo": "default",
        "type": "github"
      }
    },
    "systems_3": {
      "locked": {
        "lastModified": 1681028828,
        "narHash": "sha256-Vy1rq5AaRuLzOxct8nz4T6wlgyUR7zLU309k9mBC768=",
        "owner": "nix-systems",
        "repo": "default",
        "rev": "da67096a3b9bf56a91d16901293e51ba5b49a27e",
        "type": "github"
      },
      "original": {
        "owner": "nix-systems",
        "repo": "default",
        "type": "github"
      }
    },
    "tytanic": {
      "inputs": {
        "crane": "crane",
        "fenix": "fenix",
        "flake-parts": "flake-parts",
        "nixpkgs": [
          "nixpkgs"
        ],
        "rust-manifest": "rust-manifest",
        "systems": "systems_2"
      },
      "locked": {
        "lastModified": 1783016515,
        "narHash": "sha256-ePb3ygwMur7gbZ2r38R5LKMUSGDrRQrxgHiBsf6h+Fs=",
        "owner": "typst-community",
        "repo": "tytanic",
        "rev": "e5be10ebdbc7d7ddadbfd61ecbc325922540cd08",
        "type": "github"
      },
      "original": {
        "owner": "typst-community",
        "ref": "v0.4.0",
        "repo": "tytanic",
        "type": "github"
      }
    },
    "vcube": {
      "inputs": {
        "flake-utils": "flake-utils_2",
        "nixpkgs": [
          "nixpkgs"
        ]
      },
      "locked": {
        "lastModified": 1765924371,
        "narHash": "sha256-lp4CrrnAehciBqmqU4tj7YA7m3Rsx3+v9vnGaFydahE=",
        "owner": "qter-project",
        "repo": "vcube",
        "rev": "a8dc34c0606db0277c7ad971cfe7f8c19bc42b12",
        "type": "github"
      },
      "original": {
        "owner": "qter-project",
        "repo": "vcube",
        "type": "github"
      }
    }
  },
  "root": "root",
  "version": 7
}
